
Microsoft Visual Studio Solution File, Format Version 12.00
# Visual Studio Version 16
VisualStudioVersion = 16.0.30907.101
MinimumVisualStudioVersion = 10.0.40219.1
Project("{9A19103F-16F7-4668-BE54-9A1E7A4F7556}") = "ClassifyDynamoGraph", "ClassifyDynamoGraph.csproj", "{B282DF43-9EDB-4E3C-8F25-6E37BFC896C0}"
EndProject
Global
	GlobalSection(SolutionConfigurationPlatforms) = preSolution
		Debug|Any CPU = Debug|Any CPU
		Release|Any CPU = Release|Any CPU
	EndGlobalSection
	GlobalSection(ProjectConfigurationPlatforms) = postSolution
		{B282DF43-9EDB-4E3C-8F25-6E37BFC896C0}.Debug|Any CPU.ActiveCfg = Debug|Any CPU
		{B282DF43-9EDB-4E3C-8F25-6E37BFC896C0}.Debug|Any CPU.Build.0 = Debug|Any CPU
		{B282DF43-9EDB-4E3C-8F25-6E37BFC896C0}.Release|Any CPU.ActiveCfg = Release|Any CPU
		{B282DF43-9EDB-4E3C-8F25-6E37BFC896C0}.Release|Any CPU.Build.0 = Release|Any CPU
	EndGlobalSection
	GlobalSection(SolutionProperties) = preSolution
		HideSolutionNode = FALSE
	EndGlobalSection
	GlobalSection(ExtensibilityGlobals) = postSolution
		SolutionGuid = {ABFC81B3-340C-4983-A87A-60636EB23FEF}
	EndGlobalSection
EndGlobal
